# This file is automatically @generated by Poetry 1.7.1 and should not be changed by hand.

[[package]]
name = "joptional"
version = "0.1.1"
description = "Exact implementation of Java's Optional in Python with 100% test coverage."
optional = false
python-versions = "<4.0,>=3.7"
files = [
    {file = "joptional-0.1.1-py3-none-any.whl", hash = "sha256:486613262a099264ffff651f116915c489b05b8049555cb97153a0678daa32d7"},
    {file = "joptional-0.1.1.tar.gz", hash = "sha256:c0de90542ab016451ee41a2bbc562a1c50869b61ef1b5706c75ebfa3670a82b0"},
]

[metadata]
lock-version = "2.0"
python-versions = "^3.11"
content-hash = "c68f828976d4b56ed5991175b0d04f9ce7914be0f6174765c5c8f90a40850e6c"
